# Exact Python 3.12 runtime dependencies; GPU dependencies are platform conditional.
anyio==4.15.1
av==18.1.0
certifi==2026.7.22
cffi==2.1.1
click==8.5.0
ctranslate2==4.8.2
faster-whisper==1.2.1
filelock==3.32.6
flatbuffers==25.12.19
fsspec==2026.7.0
h11==0.16.0
hf-xet==1.6.0
httpcore==1.0.9
httpx==0.28.1
huggingface_hub==1.30.0
idna==3.19
numpy==2.5.3
onnxruntime==1.29.0
packaging==26.3
protobuf==7.36.1
pycparser==3.0
PyYAML==6.0.3
sounddevice==0.5.6
tokenizers==0.23.2
tqdm==4.70.0
typing_extensions==4.16.0
colorama==0.4.6; sys_platform == "win32"

# Apple Silicon GPU backend; Windows retains CTranslate2.
charset-normalizer==3.5.1; sys_platform == "darwin" and platform_machine == "arm64"
Jinja2==3.1.6; sys_platform == "darwin" and platform_machine == "arm64"
llvmlite==0.49.0; sys_platform == "darwin" and platform_machine == "arm64"
MarkupSafe==3.0.3; sys_platform == "darwin" and platform_machine == "arm64"
mlx-metal==0.32.2; sys_platform == "darwin" and platform_machine == "arm64"
mlx-whisper==0.4.3; sys_platform == "darwin" and platform_machine == "arm64"
mlx==0.32.2; sys_platform == "darwin" and platform_machine == "arm64"
more-itertools==11.1.0; sys_platform == "darwin" and platform_machine == "arm64"
mpmath==1.3.0; sys_platform == "darwin" and platform_machine == "arm64"
networkx==3.6.1; sys_platform == "darwin" and platform_machine == "arm64"
numba==0.67.0; sys_platform == "darwin" and platform_machine == "arm64"
regex==2026.9.10; sys_platform == "darwin" and platform_machine == "arm64"
requests==2.34.2; sys_platform == "darwin" and platform_machine == "arm64"
scipy==1.18.1; sys_platform == "darwin" and platform_machine == "arm64"
setuptools==84.0.0; sys_platform == "darwin" and platform_machine == "arm64"
sympy==1.14.0; sys_platform == "darwin" and platform_machine == "arm64"
tiktoken==0.14.0; sys_platform == "darwin" and platform_machine == "arm64"
torch==2.14.0; sys_platform == "darwin" and platform_machine == "arm64"
urllib3==2.7.0; sys_platform == "darwin" and platform_machine == "arm64"
