# Build-only tools. Install after requirements.lock; runtime pins stay authoritative.
pyinstaller==6.22.2
pyinstaller-hooks-contrib==2026.7
altgraph==0.17.5
setuptools==84.0.0
macholib==1.16.4; sys_platform == "darwin"
pefile==2024.8.26; sys_platform == "win32"
pywin32-ctypes==0.2.3; sys_platform == "win32"
